
Microsoft Visual Studio Solution File, Format Version 12.00
# Visual Studio Version 16
VisualStudioVersion = 16.0.29306.81
MinimumVisualStudioVersion = 10.0.40219.1
Project("{FAE04EC0-301F-11D3-BF4B-00C04F79EFBC}") = "Projet2_Archivage", "Projet2_Archivage\Projet2_Archivage.csproj", "{1BBF88F2-7D23-4407-9AC1-2A39511ECAA5}"
EndProject
Global
	GlobalSection(SolutionConfigurationPlatforms) = preSolution
		Debug|Any CPU = Debug|Any CPU
		Release|Any CPU = Release|Any CPU
	EndGlobalSection
	GlobalSection(ProjectConfigurationPlatforms) = postSolution
		{1BBF88F2-7D23-4407-9AC1-2A39511ECAA5}.Debug|Any CPU.ActiveCfg = Debug|Any CPU
		{1BBF88F2-7D23-4407-9AC1-2A39511ECAA5}.Debug|Any CPU.Build.0 = Debug|Any CPU
		{1BBF88F2-7D23-4407-9AC1-2A39511ECAA5}.Release|Any CPU.ActiveCfg = Release|Any CPU
		{1BBF88F2-7D23-4407-9AC1-2A39511ECAA5}.Release|Any CPU.Build.0 = Release|Any CPU
	EndGlobalSection
	GlobalSection(SolutionProperties) = preSolution
		HideSolutionNode = FALSE
	EndGlobalSection
	GlobalSection(ExtensibilityGlobals) = postSolution
		SolutionGuid = {38AA8D8C-639D-4B8E-8313-3770C07E69B5}
	EndGlobalSection
EndGlobal
